
Microsoft Visual Studio Solution File, Format Version 12.00
# Visual Studio Version 16
VisualStudioVersion = 16.0.29306.81
MinimumVisualStudioVersion = 10.0.40219.1
Project("{FAE04EC0-301F-11D3-BF4B-00C04F79EFBC}") = "Class3_25", "Class3_25\Class3_25.csproj", "{A67EC258-F4C9-46EB-B97D-A269A57E9B26}"
EndProject
Global
	GlobalSection(SolutionConfigurationPlatforms) = preSolution
		Debug|Any CPU = Debug|Any CPU
		Release|Any CPU = Release|Any CPU
	EndGlobalSection
	GlobalSection(ProjectConfigurationPlatforms) = postSolution
		{A67EC258-F4C9-46EB-B97D-A269A57E9B26}.Debug|Any CPU.ActiveCfg = Debug|Any CPU
		{A67EC258-F4C9-46EB-B97D-A269A57E9B26}.Debug|Any CPU.Build.0 = Debug|Any CPU
		{A67EC258-F4C9-46EB-B97D-A269A57E9B26}.Release|Any CPU.ActiveCfg = Release|Any CPU
		{A67EC258-F4C9-46EB-B97D-A269A57E9B26}.Release|Any CPU.Build.0 = Release|Any CPU
	EndGlobalSection
	GlobalSection(SolutionProperties) = preSolution
		HideSolutionNode = FALSE
	EndGlobalSection
	GlobalSection(ExtensibilityGlobals) = postSolution
		SolutionGuid = {499B302F-1D7B-4255-9C10-4C4D6065F384}
	EndGlobalSection
EndGlobal
